
Microsoft Visual Studio Solution File, Format Version 12.00
# Visual Studio Version 16
VisualStudioVersion = 16.0.29911.84
MinimumVisualStudioVersion = 10.0.40219.1
Project("{9A19103F-16F7-4668-BE54-9A1E7A4F7556}") = "Dapper.Paging.Demo", "src\Dapper.Paging.Demo\Dapper.Paging.Demo.csproj", "{7674C7FA-73ED-48B3-83DD-8D6FF7368435}"
EndProject
Project("{2150E333-8FDC-42A3-9474-1A3956D46DE8}") = "Solution Items", "Solution Items", "{21E451BD-2566-4732-BEAE-15E1066E99AE}"
	ProjectSection(SolutionItems) = preProject
		README.md = README.md
	EndProjectSection
EndProject
Global
	GlobalSection(SolutionConfigurationPlatforms) = preSolution
		Debug|Any CPU = Debug|Any CPU
		Release|Any CPU = Release|Any CPU
	EndGlobalSection
	GlobalSection(ProjectConfigurationPlatforms) = postSolution
		{7674C7FA-73ED-48B3-83DD-8D6FF7368435}.Debug|Any CPU.ActiveCfg = Debug|Any CPU
		{7674C7FA-73ED-48B3-83DD-8D6FF7368435}.Debug|Any CPU.Build.0 = Debug|Any CPU
		{7674C7FA-73ED-48B3-83DD-8D6FF7368435}.Release|Any CPU.ActiveCfg = Release|Any CPU
		{7674C7FA-73ED-48B3-83DD-8D6FF7368435}.Release|Any CPU.Build.0 = Release|Any CPU
	EndGlobalSection
	GlobalSection(SolutionProperties) = preSolution
		HideSolutionNode = FALSE
	EndGlobalSection
	GlobalSection(ExtensibilityGlobals) = postSolution
		SolutionGuid = {07A61E38-F2D3-4A76-826C-D1DC15EBDEC2}
	EndGlobalSection
EndGlobal
